dependencies:
- name: cert-manager-init
  repository: file://../cert-manager-init
  version: 1.0.0
- name: canvas-namespaces
  repository: file://../canvas-namespaces
  version: 1.0.0
- name: oda-crds
  repository: file://../oda-crds
  version: 1.1.0
- name: keycloak
  repository: https://charts.bitnami.com/bitnami
  version: 13.0.2
- name: controller
  repository: file://../controller
  version: 1.0.0
- name: oda-webhook
  repository: file://../oda-webhook
  version: 1.1.1
digest: sha256:32f88a0ea80a6354c11c1cd0351984b24c45ff568e9fba499ffa4d8b28bfaec1
generated: "2024-05-05T13:28:03.7716432+02:00"
